
Microsoft Visual Studio Solution File, Format Version 12.00
# Visual Studio Version 16
VisualStudioVersion = 16.0.31702.278
MinimumVisualStudioVersion = 10.0.40219.1
Project("{2150E333-8FDC-42A3-9474-1A3956D46DE8}") = "CSharp", "CSharp", "{6940B374-CFD9-4DF0-878C-91915D9D155C}"
EndProject
Project("{9A19103F-16F7-4668-BE54-9A1E7A4F7556}") = "01 Boxing", "Boxing\01 Boxing.csproj", "{55260D37-CA5C-4B61-8A82-CB961F98AEBD}"
EndProject
Project("{2150E333-8FDC-42A3-9474-1A3956D46DE8}") = "Solution Items", "Solution Items", "{192A77A9-C462-43AE-8FD8-0BDA4540E3FD}"
	ProjectSection(SolutionItems) = preProject
		.editorconfig = .editorconfig
		Directory.Build.props = Directory.Build.props
		ProgressAndAdmonitions.txt = ProgressAndAdmonitions.txt
	EndProjectSection
EndProject
Project("{9A19103F-16F7-4668-BE54-9A1E7A4F7556}") = "02 BoxinComparable", "BoxinComparable\02 BoxinComparable.csproj", "{F2E1C3D8-01F4-4C3C-B45C-835D0918227C}"
EndProject
Project("{9A19103F-16F7-4668-BE54-9A1E7A4F7556}") = "03 BoxingInterface", "BoxingInterface\03 BoxingInterface.csproj", "{6F9D0849-4BEF-4A99-B412-9001D4250FE6}"
EndProject
Project("{FAE04EC0-301F-11D3-BF4B-00C04F79EFBC}") = "Program", "Program\Program.csproj", "{357D1246-9657-4ACD-8B4E-A690BA0994F0}"
EndProject
Project("{FAE04EC0-301F-11D3-BF4B-00C04F79EFBC}") = "04 Methods", "Methods\04 Methods.csproj", "{EDB6024B-1D28-4589-B210-2344C22570CC}"
EndProject
Project("{FAE04EC0-301F-11D3-BF4B-00C04F79EFBC}") = "05 Params", "Params\05 Params.csproj", "{880AFC65-BB75-4043-A3C8-CC044D3350C9}"
EndProject
Project("{FAE04EC0-301F-11D3-BF4B-00C04F79EFBC}") = "06 Events", "Events\06 Events.csproj", "{FE926B78-BB2A-48CD-8CD6-423E49A29A8F}"
EndProject
Project("{FAE04EC0-301F-11D3-BF4B-00C04F79EFBC}") = "VirtualWiki", "VirtualWiki\VirtualWiki.csproj", "{DD7E290C-007E-4F87-8FCA-479FCBCE12B6}"
EndProject
Project("{FAE04EC0-301F-11D3-BF4B-00C04F79EFBC}") = "EventWaitHandle", "EventWaitHandle\EventWaitHandle.csproj", "{89EFDC44-280E-4D03-BD23-D81BE6C4C0AA}"
EndProject
Project("{9A19103F-16F7-4668-BE54-9A1E7A4F7556}") = "07 Generics", "07 Generics\07 Generics.csproj", "{6D40BFE9-1D4D-48FD-9761-5EC067ED397C}"
EndProject
Project("{9A19103F-16F7-4668-BE54-9A1E7A4F7556}") = "071 Covariant", "071 Covariant\071 Covariant.csproj", "{3AAB781D-865A-43B7-9B60-0B96D861ED06}"
EndProject
Project("{9A19103F-16F7-4668-BE54-9A1E7A4F7556}") = "08 Interface", "08 Interface\08 Interface.csproj", "{38CBAE55-2E9A-49EE-9801-834C4E8F12E4}"
EndProject
Project("{9A19103F-16F7-4668-BE54-9A1E7A4F7556}") = "09 MainTypes", "09 MainTypes\09 MainTypes.csproj", "{B90F8FF3-46CA-4E4C-87AA-AC6B119BBF83}"
EndProject
Project("{2150E333-8FDC-42A3-9474-1A3956D46DE8}") = "Patterns", "Patterns", "{C15B2939-84F2-4624-A6C1-B3DA2B22B321}"
EndProject
Project("{9A19103F-16F7-4668-BE54-9A1E7A4F7556}") = "1-01 Common", "1-01 Common\1-01 Common.csproj", "{30ACDB37-53CF-4DD9-8546-AD8C20064DCB}"
EndProject
Project("{9A19103F-16F7-4668-BE54-9A1E7A4F7556}") = "10 Linq", "10 Linq\10 Linq.csproj", "{0A4F5BAF-D77B-4425-BB54-EB8CD39A867E}"
EndProject
Project("{FAE04EC0-301F-11D3-BF4B-00C04F79EFBC}") = "11 Delegates", "Delegates\11 Delegates.csproj", "{76288507-6C89-4364-868E-510F1E97B6DA}"
EndProject
Project("{FAE04EC0-301F-11D3-BF4B-00C04F79EFBC}") = "12 ThreadBlockings", "ThreadBlockings\12 ThreadBlockings.csproj", "{25CB8F6F-2A18-404F-B3A8-BD9B7DAC17E2}"
EndProject
Global
	GlobalSection(SolutionConfigurationPlatforms) = preSolution
		Debug|Any CPU = Debug|Any CPU
		Release|Any CPU = Release|Any CPU
	EndGlobalSection
	GlobalSection(ProjectConfigurationPlatforms) = postSolution
		{55260D37-CA5C-4B61-8A82-CB961F98AEBD}.Debug|Any CPU.ActiveCfg = Debug|Any CPU
		{55260D37-CA5C-4B61-8A82-CB961F98AEBD}.Debug|Any CPU.Build.0 = Debug|Any CPU
		{55260D37-CA5C-4B61-8A82-CB961F98AEBD}.Release|Any CPU.ActiveCfg = Release|Any CPU
		{55260D37-CA5C-4B61-8A82-CB961F98AEBD}.Release|Any CPU.Build.0 = Release|Any CPU
		{F2E1C3D8-01F4-4C3C-B45C-835D0918227C}.Debug|Any CPU.ActiveCfg = Debug|Any CPU
		{F2E1C3D8-01F4-4C3C-B45C-835D0918227C}.Debug|Any CPU.Build.0 = Debug|Any CPU
		{F2E1C3D8-01F4-4C3C-B45C-835D0918227C}.Release|Any CPU.ActiveCfg = Release|Any CPU
		{F2E1C3D8-01F4-4C3C-B45C-835D0918227C}.Release|Any CPU.Build.0 = Release|Any CPU
		{6F9D0849-4BEF-4A99-B412-9001D4250FE6}.Debug|Any CPU.ActiveCfg = Debug|Any CPU
		{6F9D0849-4BEF-4A99-B412-9001D4250FE6}.Debug|Any CPU.Build.0 = Debug|Any CPU
		{6F9D0849-4BEF-4A99-B412-9001D4250FE6}.Release|Any CPU.ActiveCfg = Release|Any CPU
		{6F9D0849-4BEF-4A99-B412-9001D4250FE6}.Release|Any CPU.Build.0 = Release|Any CPU
		{357D1246-9657-4ACD-8B4E-A690BA0994F0}.Debug|Any CPU.ActiveCfg = Debug|Any CPU
		{357D1246-9657-4ACD-8B4E-A690BA0994F0}.Debug|Any CPU.Build.0 = Debug|Any CPU
		{357D1246-9657-4ACD-8B4E-A690BA0994F0}.Release|Any CPU.ActiveCfg = Release|Any CPU
		{357D1246-9657-4ACD-8B4E-A690BA0994F0}.Release|Any CPU.Build.0 = Release|Any CPU
		{EDB6024B-1D28-4589-B210-2344C22570CC}.Debug|Any CPU.ActiveCfg = Debug|Any CPU
		{EDB6024B-1D28-4589-B210-2344C22570CC}.Debug|Any CPU.Build.0 = Debug|Any CPU
		{EDB6024B-1D28-4589-B210-2344C22570CC}.Release|Any CPU.ActiveCfg = Release|Any CPU
		{EDB6024B-1D28-4589-B210-2344C22570CC}.Release|Any CPU.Build.0 = Release|Any CPU
		{880AFC65-BB75-4043-A3C8-CC044D3350C9}.Debug|Any CPU.ActiveCfg = Debug|Any CPU
		{880AFC65-BB75-4043-A3C8-CC044D3350C9}.Debug|Any CPU.Build.0 = Debug|Any CPU
		{880AFC65-BB75-4043-A3C8-CC044D3350C9}.Release|Any CPU.ActiveCfg = Release|Any CPU
		{880AFC65-BB75-4043-A3C8-CC044D3350C9}.Release|Any CPU.Build.0 = Release|Any CPU
		{FE926B78-BB2A-48CD-8CD6-423E49A29A8F}.Debug|Any CPU.ActiveCfg = Debug|Any CPU
		{FE926B78-BB2A-48CD-8CD6-423E49A29A8F}.Debug|Any CPU.Build.0 = Debug|Any CPU
		{FE926B78-BB2A-48CD-8CD6-423E49A29A8F}.Release|Any CPU.ActiveCfg = Release|Any CPU
		{FE926B78-BB2A-48CD-8CD6-423E49A29A8F}.Release|Any CPU.Build.0 = Release|Any CPU
		{DD7E290C-007E-4F87-8FCA-479FCBCE12B6}.Debug|Any CPU.ActiveCfg = Debug|Any CPU
		{DD7E290C-007E-4F87-8FCA-479FCBCE12B6}.Debug|Any CPU.Build.0 = Debug|Any CPU
		{DD7E290C-007E-4F87-8FCA-479FCBCE12B6}.Release|Any CPU.ActiveCfg = Release|Any CPU
		{DD7E290C-007E-4F87-8FCA-479FCBCE12B6}.Release|Any CPU.Build.0 = Release|Any CPU
		{89EFDC44-280E-4D03-BD23-D81BE6C4C0AA}.Debug|Any CPU.ActiveCfg = Debug|Any CPU
		{89EFDC44-280E-4D03-BD23-D81BE6C4C0AA}.Debug|Any CPU.Build.0 = Debug|Any CPU
		{89EFDC44-280E-4D03-BD23-D81BE6C4C0AA}.Release|Any CPU.ActiveCfg = Release|Any CPU
		{89EFDC44-280E-4D03-BD23-D81BE6C4C0AA}.Release|Any CPU.Build.0 = Release|Any CPU
		{6D40BFE9-1D4D-48FD-9761-5EC067ED397C}.Debug|Any CPU.ActiveCfg = Debug|Any CPU
		{6D40BFE9-1D4D-48FD-9761-5EC067ED397C}.Debug|Any CPU.Build.0 = Debug|Any CPU
		{6D40BFE9-1D4D-48FD-9761-5EC067ED397C}.Release|Any CPU.ActiveCfg = Release|Any CPU
		{6D40BFE9-1D4D-48FD-9761-5EC067ED397C}.Release|Any CPU.Build.0 = Release|Any CPU
		{3AAB781D-865A-43B7-9B60-0B96D861ED06}.Debug|Any CPU.ActiveCfg = Debug|Any CPU
		{3AAB781D-865A-43B7-9B60-0B96D861ED06}.Debug|Any CPU.Build.0 = Debug|Any CPU
		{3AAB781D-865A-43B7-9B60-0B96D861ED06}.Release|Any CPU.ActiveCfg = Release|Any CPU
		{3AAB781D-865A-43B7-9B60-0B96D861ED06}.Release|Any CPU.Build.0 = Release|Any CPU
		{38CBAE55-2E9A-49EE-9801-834C4E8F12E4}.Debug|Any CPU.ActiveCfg = Debug|Any CPU
		{38CBAE55-2E9A-49EE-9801-834C4E8F12E4}.Debug|Any CPU.Build.0 = Debug|Any CPU
		{38CBAE55-2E9A-49EE-9801-834C4E8F12E4}.Release|Any CPU.ActiveCfg = Release|Any CPU
		{38CBAE55-2E9A-49EE-9801-834C4E8F12E4}.Release|Any CPU.Build.0 = Release|Any CPU
		{B90F8FF3-46CA-4E4C-87AA-AC6B119BBF83}.Debug|Any CPU.ActiveCfg = Debug|Any CPU
		{B90F8FF3-46CA-4E4C-87AA-AC6B119BBF83}.Debug|Any CPU.Build.0 = Debug|Any CPU
		{B90F8FF3-46CA-4E4C-87AA-AC6B119BBF83}.Release|Any CPU.ActiveCfg = Release|Any CPU
		{B90F8FF3-46CA-4E4C-87AA-AC6B119BBF83}.Release|Any CPU.Build.0 = Release|Any CPU
		{30ACDB37-53CF-4DD9-8546-AD8C20064DCB}.Debug|Any CPU.ActiveCfg = Debug|Any CPU
		{30ACDB37-53CF-4DD9-8546-AD8C20064DCB}.Debug|Any CPU.Build.0 = Debug|Any CPU
		{30ACDB37-53CF-4DD9-8546-AD8C20064DCB}.Release|Any CPU.ActiveCfg = Release|Any CPU
		{30ACDB37-53CF-4DD9-8546-AD8C20064DCB}.Release|Any CPU.Build.0 = Release|Any CPU
		{0A4F5BAF-D77B-4425-BB54-EB8CD39A867E}.Debug|Any CPU.ActiveCfg = Debug|Any CPU
		{0A4F5BAF-D77B-4425-BB54-EB8CD39A867E}.Debug|Any CPU.Build.0 = Debug|Any CPU
		{0A4F5BAF-D77B-4425-BB54-EB8CD39A867E}.Release|Any CPU.ActiveCfg = Release|Any CPU
		{0A4F5BAF-D77B-4425-BB54-EB8CD39A867E}.Release|Any CPU.Build.0 = Release|Any CPU
		{76288507-6C89-4364-868E-510F1E97B6DA}.Debug|Any CPU.ActiveCfg = Debug|Any CPU
		{76288507-6C89-4364-868E-510F1E97B6DA}.Debug|Any CPU.Build.0 = Debug|Any CPU
		{76288507-6C89-4364-868E-510F1E97B6DA}.Release|Any CPU.ActiveCfg = Release|Any CPU
		{76288507-6C89-4364-868E-510F1E97B6DA}.Release|Any CPU.Build.0 = Release|Any CPU
		{25CB8F6F-2A18-404F-B3A8-BD9B7DAC17E2}.Debug|Any CPU.ActiveCfg = Debug|Any CPU
		{25CB8F6F-2A18-404F-B3A8-BD9B7DAC17E2}.Debug|Any CPU.Build.0 = Debug|Any CPU
		{25CB8F6F-2A18-404F-B3A8-BD9B7DAC17E2}.Release|Any CPU.ActiveCfg = Release|Any CPU
		{25CB8F6F-2A18-404F-B3A8-BD9B7DAC17E2}.Release|Any CPU.Build.0 = Release|Any CPU
	EndGlobalSection
	GlobalSection(SolutionProperties) = preSolution
		HideSolutionNode = FALSE
	EndGlobalSection
	GlobalSection(NestedProjects) = preSolution
		{55260D37-CA5C-4B61-8A82-CB961F98AEBD} = {6940B374-CFD9-4DF0-878C-91915D9D155C}
		{F2E1C3D8-01F4-4C3C-B45C-835D0918227C} = {6940B374-CFD9-4DF0-878C-91915D9D155C}
		{6F9D0849-4BEF-4A99-B412-9001D4250FE6} = {6940B374-CFD9-4DF0-878C-91915D9D155C}
		{357D1246-9657-4ACD-8B4E-A690BA0994F0} = {6940B374-CFD9-4DF0-878C-91915D9D155C}
		{EDB6024B-1D28-4589-B210-2344C22570CC} = {6940B374-CFD9-4DF0-878C-91915D9D155C}
		{880AFC65-BB75-4043-A3C8-CC044D3350C9} = {6940B374-CFD9-4DF0-878C-91915D9D155C}
		{FE926B78-BB2A-48CD-8CD6-423E49A29A8F} = {6940B374-CFD9-4DF0-878C-91915D9D155C}
		{DD7E290C-007E-4F87-8FCA-479FCBCE12B6} = {6940B374-CFD9-4DF0-878C-91915D9D155C}
		{89EFDC44-280E-4D03-BD23-D81BE6C4C0AA} = {6940B374-CFD9-4DF0-878C-91915D9D155C}
		{6D40BFE9-1D4D-48FD-9761-5EC067ED397C} = {6940B374-CFD9-4DF0-878C-91915D9D155C}
		{3AAB781D-865A-43B7-9B60-0B96D861ED06} = {6940B374-CFD9-4DF0-878C-91915D9D155C}
		{38CBAE55-2E9A-49EE-9801-834C4E8F12E4} = {6940B374-CFD9-4DF0-878C-91915D9D155C}
		{B90F8FF3-46CA-4E4C-87AA-AC6B119BBF83} = {6940B374-CFD9-4DF0-878C-91915D9D155C}
		{C15B2939-84F2-4624-A6C1-B3DA2B22B321} = {6940B374-CFD9-4DF0-878C-91915D9D155C}
		{30ACDB37-53CF-4DD9-8546-AD8C20064DCB} = {C15B2939-84F2-4624-A6C1-B3DA2B22B321}
		{0A4F5BAF-D77B-4425-BB54-EB8CD39A867E} = {6940B374-CFD9-4DF0-878C-91915D9D155C}
		{76288507-6C89-4364-868E-510F1E97B6DA} = {6940B374-CFD9-4DF0-878C-91915D9D155C}
		{25CB8F6F-2A18-404F-B3A8-BD9B7DAC17E2} = {6940B374-CFD9-4DF0-878C-91915D9D155C}
	EndGlobalSection
	GlobalSection(ExtensibilityGlobals) = postSolution
		SolutionGuid = {9DE0BAB6-5A7B-465A-9FF3-FB2745530ACF}
	EndGlobalSection
EndGlobal
